
Microsoft Visual Studio Solution File, Format Version 12.00
# Visual Studio Version 16
VisualStudioVersion = 16.0.31515.178
MinimumVisualStudioVersion = 10.0.40219.1
Project("{FAE04EC0-301F-11D3-BF4B-00C04F79EFBC}") = "calculadora", "calculadora\calculadora.csproj", "{A441A305-229C-4810-998E-09FBC459F23E}"
EndProject
Global
	GlobalSection(SolutionConfigurationPlatforms) = preSolution
		Debug|Any CPU = Debug|Any CPU
		Release|Any CPU = Release|Any CPU
	EndGlobalSection
	GlobalSection(ProjectConfigurationPlatforms) = postSolution
		{A441A305-229C-4810-998E-09FBC459F23E}.Debug|Any CPU.ActiveCfg = Debug|Any CPU
		{A441A305-229C-4810-998E-09FBC459F23E}.Debug|Any CPU.Build.0 = Debug|Any CPU
		{A441A305-229C-4810-998E-09FBC459F23E}.Release|Any CPU.ActiveCfg = Release|Any CPU
		{A441A305-229C-4810-998E-09FBC459F23E}.Release|Any CPU.Build.0 = Release|Any CPU
	EndGlobalSection
	GlobalSection(SolutionProperties) = preSolution
		HideSolutionNode = FALSE
	EndGlobalSection
	GlobalSection(ExtensibilityGlobals) = postSolution
		SolutionGuid = {EF11698B-35AC-43C8-8AB8-0799180C55F8}
	EndGlobalSection
EndGlobal
