
Microsoft Visual Studio Solution File, Format Version 12.00
# Visual Studio Version 16
VisualStudioVersion = 16.0.31515.178
MinimumVisualStudioVersion = 10.0.40219.1
Project("{FAE04EC0-301F-11D3-BF4B-00C04F79EFBC}") = "ciclos", "ciclos\ciclos.csproj", "{36819AE9-4BAB-4DD9-AC41-397B307BA6BA}"
EndProject
Global
	GlobalSection(SolutionConfigurationPlatforms) = preSolution
		Debug|Any CPU = Debug|Any CPU
		Release|Any CPU = Release|Any CPU
	EndGlobalSection
	GlobalSection(ProjectConfigurationPlatforms) = postSolution
		{36819AE9-4BAB-4DD9-AC41-397B307BA6BA}.Debug|Any CPU.ActiveCfg = Debug|Any CPU
		{36819AE9-4BAB-4DD9-AC41-397B307BA6BA}.Debug|Any CPU.Build.0 = Debug|Any CPU
		{36819AE9-4BAB-4DD9-AC41-397B307BA6BA}.Release|Any CPU.ActiveCfg = Release|Any CPU
		{36819AE9-4BAB-4DD9-AC41-397B307BA6BA}.Release|Any CPU.Build.0 = Release|Any CPU
	EndGlobalSection
	GlobalSection(SolutionProperties) = preSolution
		HideSolutionNode = FALSE
	EndGlobalSection
	GlobalSection(ExtensibilityGlobals) = postSolution
		SolutionGuid = {0E833B5B-5D85-450B-AC90-BE1C8A6D4040}
	EndGlobalSection
EndGlobal
